
Microsoft Visual Studio Solution File, Format Version 12.00
# Visual Studio Version 16
VisualStudioVersion = 16.0.30907.101
MinimumVisualStudioVersion = 10.0.40219.1
Project("{FAE04EC0-301F-11D3-BF4B-00C04F79EFBC}") = "KampIntro", "KampIntro\KampIntro.csproj", "{7E5FDAB4-876A-4642-BF23-DF3FBD5D3084}"
EndProject
Project("{FAE04EC0-301F-11D3-BF4B-00C04F79EFBC}") = "ClassIntro", "ClassIntro\ClassIntro.csproj", "{CE42F7F3-7012-4CC5-B519-B79459260378}"
EndProject
Project("{FAE04EC0-301F-11D3-BF4B-00C04F79EFBC}") = "Donguler", "Donguler\Donguler.csproj", "{1CA0FBE6-1885-4DE0-9005-08F8738653E0}"
EndProject
Project("{FAE04EC0-301F-11D3-BF4B-00C04F79EFBC}") = "DegerVeReferansTipleri", "DegerVeReferansTipleri\DegerVeReferansTipleri.csproj", "{D288E3E2-9F55-4432-AE66-6DAB32D3C3B6}"
EndProject
Project("{FAE04EC0-301F-11D3-BF4B-00C04F79EFBC}") = "Matematik", "Matematik\Matematik.csproj", "{85B2C9EC-175D-4772-ABFA-9ECDF08512D4}"
EndProject
Project("{FAE04EC0-301F-11D3-BF4B-00C04F79EFBC}") = "Metotlar", "Metotlar\Metotlar.csproj", "{CFA9015C-D838-4B22-9CD4-0A1F5BD49599}"
EndProject
Global
	GlobalSection(SolutionConfigurationPlatforms) = preSolution
		Debug|Any CPU = Debug|Any CPU
		Release|Any CPU = Release|Any CPU
	EndGlobalSection
	GlobalSection(ProjectConfigurationPlatforms) = postSolution
		{7E5FDAB4-876A-4642-BF23-DF3FBD5D3084}.Debug|Any CPU.ActiveCfg = Debug|Any CPU
		{7E5FDAB4-876A-4642-BF23-DF3FBD5D3084}.Debug|Any CPU.Build.0 = Debug|Any CPU
		{7E5FDAB4-876A-4642-BF23-DF3FBD5D3084}.Release|Any CPU.ActiveCfg = Release|Any CPU
		{7E5FDAB4-876A-4642-BF23-DF3FBD5D3084}.Release|Any CPU.Build.0 = Release|Any CPU
		{CE42F7F3-7012-4CC5-B519-B79459260378}.Debug|Any CPU.ActiveCfg = Debug|Any CPU
		{CE42F7F3-7012-4CC5-B519-B79459260378}.Debug|Any CPU.Build.0 = Debug|Any CPU
		{CE42F7F3-7012-4CC5-B519-B79459260378}.Release|Any CPU.ActiveCfg = Release|Any CPU
		{CE42F7F3-7012-4CC5-B519-B79459260378}.Release|Any CPU.Build.0 = Release|Any CPU
		{1CA0FBE6-1885-4DE0-9005-08F8738653E0}.Debug|Any CPU.ActiveCfg = Debug|Any CPU
		{1CA0FBE6-1885-4DE0-9005-08F8738653E0}.Debug|Any CPU.Build.0 = Debug|Any CPU
		{1CA0FBE6-1885-4DE0-9005-08F8738653E0}.Release|Any CPU.ActiveCfg = Release|Any CPU
		{1CA0FBE6-1885-4DE0-9005-08F8738653E0}.Release|Any CPU.Build.0 = Release|Any CPU
		{D288E3E2-9F55-4432-AE66-6DAB32D3C3B6}.Debug|Any CPU.ActiveCfg = Debug|Any CPU
		{D288E3E2-9F55-4432-AE66-6DAB32D3C3B6}.Debug|Any CPU.Build.0 = Debug|Any CPU
		{D288E3E2-9F55-4432-AE66-6DAB32D3C3B6}.Release|Any CPU.ActiveCfg = Release|Any CPU
		{D288E3E2-9F55-4432-AE66-6DAB32D3C3B6}.Release|Any CPU.Build.0 = Release|Any CPU
		{85B2C9EC-175D-4772-ABFA-9ECDF08512D4}.Debug|Any CPU.ActiveCfg = Debug|Any CPU
		{85B2C9EC-175D-4772-ABFA-9ECDF08512D4}.Debug|Any CPU.Build.0 = Debug|Any CPU
		{85B2C9EC-175D-4772-ABFA-9ECDF08512D4}.Release|Any CPU.ActiveCfg = Release|Any CPU
		{85B2C9EC-175D-4772-ABFA-9ECDF08512D4}.Release|Any CPU.Build.0 = Release|Any CPU
		{CFA9015C-D838-4B22-9CD4-0A1F5BD49599}.Debug|Any CPU.ActiveCfg = Debug|Any CPU
		{CFA9015C-D838-4B22-9CD4-0A1F5BD49599}.Debug|Any CPU.Build.0 = Debug|Any CPU
		{CFA9015C-D838-4B22-9CD4-0A1F5BD49599}.Release|Any CPU.ActiveCfg = Release|Any CPU
		{CFA9015C-D838-4B22-9CD4-0A1F5BD49599}.Release|Any CPU.Build.0 = Release|Any CPU
	EndGlobalSection
	GlobalSection(SolutionProperties) = preSolution
		HideSolutionNode = FALSE
	EndGlobalSection
	GlobalSection(ExtensibilityGlobals) = postSolution
		SolutionGuid = {7969C76C-C865-4834-B910-C5A0C7B372B7}
	EndGlobalSection
EndGlobal
